
Microsoft Visual Studio Solution File, Format Version 12.00
Project("{F2A71F9B-5D33-465A-A702-920D77279786}") = "SampleAppQuartz", "SampleAppQuartz\SampleAppQuartz.fsproj", "{100108A2-EB8A-4C84-AC01-4065B446754E}"
EndProject
Project("{F2A71F9B-5D33-465A-A702-920D77279786}") = "SampleAppQuartz.UnitTests", "SampleAppQuartz.UnitTests\SampleAppQuartz.UnitTests.fsproj", "{0F16F71F-FAEC-4C9F-B52D-80D799F227DD}"
EndProject
Global
	GlobalSection(SolutionConfigurationPlatforms) = preSolution
		Debug|Any CPU = Debug|Any CPU
		Release|Any CPU = Release|Any CPU
	EndGlobalSection
	GlobalSection(ProjectConfigurationPlatforms) = postSolution
		{100108A2-EB8A-4C84-AC01-4065B446754E}.Debug|Any CPU.ActiveCfg = Debug|Any CPU
		{100108A2-EB8A-4C84-AC01-4065B446754E}.Debug|Any CPU.Build.0 = Debug|Any CPU
		{100108A2-EB8A-4C84-AC01-4065B446754E}.Release|Any CPU.ActiveCfg = Release|Any CPU
		{100108A2-EB8A-4C84-AC01-4065B446754E}.Release|Any CPU.Build.0 = Release|Any CPU
		{0F16F71F-FAEC-4C9F-B52D-80D799F227DD}.Debug|Any CPU.ActiveCfg = Debug|Any CPU
		{0F16F71F-FAEC-4C9F-B52D-80D799F227DD}.Debug|Any CPU.Build.0 = Debug|Any CPU
		{0F16F71F-FAEC-4C9F-B52D-80D799F227DD}.Release|Any CPU.ActiveCfg = Release|Any CPU
		{0F16F71F-FAEC-4C9F-B52D-80D799F227DD}.Release|Any CPU.Build.0 = Release|Any CPU
	EndGlobalSection
EndGlobal
